
Microsoft Visual Studio Solution File, Format Version 12.00
# Visual Studio Version 16
VisualStudioVersion = 16.0.33130.400
MinimumVisualStudioVersion = 10.0.40219.1
Project("{FAE04EC0-301F-11D3-BF4B-00C04F79EFBC}") = "Zad6_2_Des.Android", "Zad6_2_Des.Android\Zad6_2_Des.Android.csproj", "{11CD7E38-44CB-402F-A6E0-0738720DD3F4}"
EndProject
Project("{FAE04EC0-301F-11D3-BF4B-00C04F79EFBC}") = "Zad6_2_Des", "Zad6_2_Des\Zad6_2_Des.csproj", "{13C1BD3F-4078-4C4C-AF65-389F90BEBE38}"
EndProject
Global
	GlobalSection(SolutionConfigurationPlatforms) = preSolution
		Debug|Any CPU = Debug|Any CPU
		Release|Any CPU = Release|Any CPU
	EndGlobalSection
	GlobalSection(ProjectConfigurationPlatforms) = postSolution
		{11CD7E38-44CB-402F-A6E0-0738720DD3F4}.Debug|Any CPU.ActiveCfg = Debug|Any CPU
		{11CD7E38-44CB-402F-A6E0-0738720DD3F4}.Debug|Any CPU.Build.0 = Debug|Any CPU
		{11CD7E38-44CB-402F-A6E0-0738720DD3F4}.Debug|Any CPU.Deploy.0 = Debug|Any CPU
		{11CD7E38-44CB-402F-A6E0-0738720DD3F4}.Release|Any CPU.ActiveCfg = Release|Any CPU
		{11CD7E38-44CB-402F-A6E0-0738720DD3F4}.Release|Any CPU.Build.0 = Release|Any CPU
		{11CD7E38-44CB-402F-A6E0-0738720DD3F4}.Release|Any CPU.Deploy.0 = Release|Any CPU
		{13C1BD3F-4078-4C4C-AF65-389F90BEBE38}.Debug|Any CPU.ActiveCfg = Debug|Any CPU
		{13C1BD3F-4078-4C4C-AF65-389F90BEBE38}.Debug|Any CPU.Build.0 = Debug|Any CPU
		{13C1BD3F-4078-4C4C-AF65-389F90BEBE38}.Debug|Any CPU.Deploy.0 = Debug|Any CPU
		{13C1BD3F-4078-4C4C-AF65-389F90BEBE38}.Release|Any CPU.ActiveCfg = Release|Any CPU
		{13C1BD3F-4078-4C4C-AF65-389F90BEBE38}.Release|Any CPU.Build.0 = Release|Any CPU
		{13C1BD3F-4078-4C4C-AF65-389F90BEBE38}.Release|Any CPU.Deploy.0 = Release|Any CPU
	EndGlobalSection
	GlobalSection(SolutionProperties) = preSolution
		HideSolutionNode = FALSE
	EndGlobalSection
	GlobalSection(ExtensibilityGlobals) = postSolution
		SolutionGuid = {166D2A38-B567-4C11-8532-DDE2113542AA}
	EndGlobalSection
EndGlobal
