
Microsoft Visual Studio Solution File, Format Version 12.00
# Visual Studio Version 16
VisualStudioVersion = 16.0.33130.400
MinimumVisualStudioVersion = 10.0.40219.1
Project("{FAE04EC0-301F-11D3-BF4B-00C04F79EFBC}") = "zad6_2_KirillMalugin.Android", "zad6_2_KirillMalugin.Android\zad6_2_KirillMalugin.Android.csproj", "{0359764F-A193-4A3B-8430-A86F031E3C4C}"
EndProject
Project("{FAE04EC0-301F-11D3-BF4B-00C04F79EFBC}") = "zad6_2_KirillMalugin", "zad6_2_KirillMalugin\zad6_2_KirillMalugin.csproj", "{6B9544F4-213F-44B9-AD94-FE1526469E2D}"
EndProject
Global
	GlobalSection(SolutionConfigurationPlatforms) = preSolution
		Debug|Any CPU = Debug|Any CPU
		Release|Any CPU = Release|Any CPU
	EndGlobalSection
	GlobalSection(ProjectConfigurationPlatforms) = postSolution
		{0359764F-A193-4A3B-8430-A86F031E3C4C}.Debug|Any CPU.ActiveCfg = Debug|Any CPU
		{0359764F-A193-4A3B-8430-A86F031E3C4C}.Debug|Any CPU.Build.0 = Debug|Any CPU
		{0359764F-A193-4A3B-8430-A86F031E3C4C}.Debug|Any CPU.Deploy.0 = Debug|Any CPU
		{0359764F-A193-4A3B-8430-A86F031E3C4C}.Release|Any CPU.ActiveCfg = Release|Any CPU
		{0359764F-A193-4A3B-8430-A86F031E3C4C}.Release|Any CPU.Build.0 = Release|Any CPU
		{0359764F-A193-4A3B-8430-A86F031E3C4C}.Release|Any CPU.Deploy.0 = Release|Any CPU
		{6B9544F4-213F-44B9-AD94-FE1526469E2D}.Debug|Any CPU.ActiveCfg = Debug|Any CPU
		{6B9544F4-213F-44B9-AD94-FE1526469E2D}.Debug|Any CPU.Build.0 = Debug|Any CPU
		{6B9544F4-213F-44B9-AD94-FE1526469E2D}.Debug|Any CPU.Deploy.0 = Debug|Any CPU
		{6B9544F4-213F-44B9-AD94-FE1526469E2D}.Release|Any CPU.ActiveCfg = Release|Any CPU
		{6B9544F4-213F-44B9-AD94-FE1526469E2D}.Release|Any CPU.Build.0 = Release|Any CPU
		{6B9544F4-213F-44B9-AD94-FE1526469E2D}.Release|Any CPU.Deploy.0 = Release|Any CPU
	EndGlobalSection
	GlobalSection(SolutionProperties) = preSolution
		HideSolutionNode = FALSE
	EndGlobalSection
	GlobalSection(ExtensibilityGlobals) = postSolution
		SolutionGuid = {AA7A6DAD-07EB-4894-B019-8465B888BF95}
	EndGlobalSection
EndGlobal
